
Microsoft Visual Studio Solution File, Format Version 12.00
# Visual Studio Version 16
VisualStudioVersion = 16.0.30320.27
MinimumVisualStudioVersion = 10.0.40219.1
Project("{FAE04EC0-301F-11D3-BF4B-00C04F79EFBC}") = "FoodReview.Android", "FoodReview\FoodReview.Android\FoodReview.Android.csproj", "{CCC2F873-883E-4642-BD0E-501FDC34D6F6}"
EndProject
Project("{9A19103F-16F7-4668-BE54-9A1E7A4F7556}") = "FoodReview", "FoodReview\FoodReview\FoodReview.csproj", "{0989E673-427A-4E3F-8332-306B23BE0702}"
EndProject
Global
	GlobalSection(SolutionConfigurationPlatforms) = preSolution
		Debug|Any CPU = Debug|Any CPU
		Debug|iPhone = Debug|iPhone
		Debug|iPhoneSimulator = Debug|iPhoneSimulator
		Release|Any CPU = Release|Any CPU
		Release|iPhone = Release|iPhone
		Release|iPhoneSimulator = Release|iPhoneSimulator
	EndGlobalSection
	GlobalSection(ProjectConfigurationPlatforms) = postSolution
		{CCC2F873-883E-4642-BD0E-501FDC34D6F6}.Debug|Any CPU.ActiveCfg = Debug|Any CPU
		{CCC2F873-883E-4642-BD0E-501FDC34D6F6}.Debug|Any CPU.Build.0 = Debug|Any CPU
		{CCC2F873-883E-4642-BD0E-501FDC34D6F6}.Debug|Any CPU.Deploy.0 = Debug|Any CPU
		{CCC2F873-883E-4642-BD0E-501FDC34D6F6}.Debug|iPhone.ActiveCfg = Debug|Any CPU
		{CCC2F873-883E-4642-BD0E-501FDC34D6F6}.Debug|iPhone.Build.0 = Debug|Any CPU
		{CCC2F873-883E-4642-BD0E-501FDC34D6F6}.Debug|iPhone.Deploy.0 = Debug|Any CPU
		{CCC2F873-883E-4642-BD0E-501FDC34D6F6}.Debug|iPhoneSimulator.ActiveCfg = Debug|Any CPU
		{CCC2F873-883E-4642-BD0E-501FDC34D6F6}.Debug|iPhoneSimulator.Build.0 = Debug|Any CPU
		{CCC2F873-883E-4642-BD0E-501FDC34D6F6}.Debug|iPhoneSimulator.Deploy.0 = Debug|Any CPU
		{CCC2F873-883E-4642-BD0E-501FDC34D6F6}.Release|Any CPU.ActiveCfg = Release|Any CPU
		{CCC2F873-883E-4642-BD0E-501FDC34D6F6}.Release|Any CPU.Build.0 = Release|Any CPU
		{CCC2F873-883E-4642-BD0E-501FDC34D6F6}.Release|Any CPU.Deploy.0 = Release|Any CPU
		{CCC2F873-883E-4642-BD0E-501FDC34D6F6}.Release|iPhone.ActiveCfg = Release|Any CPU
		{CCC2F873-883E-4642-BD0E-501FDC34D6F6}.Release|iPhone.Build.0 = Release|Any CPU
		{CCC2F873-883E-4642-BD0E-501FDC34D6F6}.Release|iPhone.Deploy.0 = Release|Any CPU
		{CCC2F873-883E-4642-BD0E-501FDC34D6F6}.Release|iPhoneSimulator.ActiveCfg = Release|Any CPU
		{CCC2F873-883E-4642-BD0E-501FDC34D6F6}.Release|iPhoneSimulator.Build.0 = Release|Any CPU
		{CCC2F873-883E-4642-BD0E-501FDC34D6F6}.Release|iPhoneSimulator.Deploy.0 = Release|Any CPU
		{0989E673-427A-4E3F-8332-306B23BE0702}.Debug|Any CPU.ActiveCfg = Debug|Any CPU
		{0989E673-427A-4E3F-8332-306B23BE0702}.Debug|Any CPU.Build.0 = Debug|Any CPU
		{0989E673-427A-4E3F-8332-306B23BE0702}.Debug|Any CPU.Deploy.0 = Debug|Any CPU
		{0989E673-427A-4E3F-8332-306B23BE0702}.Debug|iPhone.ActiveCfg = Debug|Any CPU
		{0989E673-427A-4E3F-8332-306B23BE0702}.Debug|iPhone.Build.0 = Debug|Any CPU
		{0989E673-427A-4E3F-8332-306B23BE0702}.Debug|iPhoneSimulator.ActiveCfg = Debug|Any CPU
		{0989E673-427A-4E3F-8332-306B23BE0702}.Debug|iPhoneSimulator.Build.0 = Debug|Any CPU
		{0989E673-427A-4E3F-8332-306B23BE0702}.Release|Any CPU.ActiveCfg = Release|Any CPU
		{0989E673-427A-4E3F-8332-306B23BE0702}.Release|Any CPU.Build.0 = Release|Any CPU
		{0989E673-427A-4E3F-8332-306B23BE0702}.Release|Any CPU.Deploy.0 = Release|Any CPU
		{0989E673-427A-4E3F-8332-306B23BE0702}.Release|iPhone.ActiveCfg = Release|Any CPU
		{0989E673-427A-4E3F-8332-306B23BE0702}.Release|iPhone.Build.0 = Release|Any CPU
		{0989E673-427A-4E3F-8332-306B23BE0702}.Release|iPhoneSimulator.ActiveCfg = Release|Any CPU
		{0989E673-427A-4E3F-8332-306B23BE0702}.Release|iPhoneSimulator.Build.0 = Release|Any CPU
	EndGlobalSection
	GlobalSection(SolutionProperties) = preSolution
		HideSolutionNode = FALSE
	EndGlobalSection
	GlobalSection(ExtensibilityGlobals) = postSolution
		SolutionGuid = {282102FF-65B6-4EFF-B5B0-670DF666B667}
	EndGlobalSection
EndGlobal
